
Microsoft Visual Studio Solution File, Format Version 12.00
# Visual Studio Version 17
VisualStudioVersion = 17.7.34024.191
MinimumVisualStudioVersion = 10.0.40219.1
Project("{FAE04EC0-301F-11D3-BF4B-00C04F79EFBC}") = "FirstWebAPI", "FirstWebAPI.csproj", "{54139ACE-8CE6-4CF7-9B06-5DBDCB646E1B}"
EndProject
Global
	GlobalSection(SolutionConfigurationPlatforms) = preSolution
		Debug|Any CPU = Debug|Any CPU
		Release|Any CPU = Release|Any CPU
	EndGlobalSection
	GlobalSection(ProjectConfigurationPlatforms) = postSolution
		{54139ACE-8CE6-4CF7-9B06-5DBDCB646E1B}.Debug|Any CPU.ActiveCfg = Debug|Any CPU
		{54139ACE-8CE6-4CF7-9B06-5DBDCB646E1B}.Debug|Any CPU.Build.0 = Debug|Any CPU
		{54139ACE-8CE6-4CF7-9B06-5DBDCB646E1B}.Release|Any CPU.ActiveCfg = Release|Any CPU
		{54139ACE-8CE6-4CF7-9B06-5DBDCB646E1B}.Release|Any CPU.Build.0 = Release|Any CPU
	EndGlobalSection
	GlobalSection(SolutionProperties) = preSolution
		HideSolutionNode = FALSE
	EndGlobalSection
	GlobalSection(ExtensibilityGlobals) = postSolution
		SolutionGuid = {540ED7EB-B5EC-48AA-B958-3F28284FAF98}
	EndGlobalSection
EndGlobal
