
Microsoft Visual Studio Solution File, Format Version 12.00
# Visual Studio Version 17
VisualStudioVersion = 17.7.34024.191
MinimumVisualStudioVersion = 10.0.40219.1
Project("{FAE04EC0-301F-11D3-BF4B-00C04F79EFBC}") = "WebApiClientConsole", "WebApiClientConsole.csproj", "{F4E46962-CA9E-445C-9500-03414F0EB446}"
EndProject
Global
	GlobalSection(SolutionConfigurationPlatforms) = preSolution
		Debug|Any CPU = Debug|Any CPU
		Release|Any CPU = Release|Any CPU
	EndGlobalSection
	GlobalSection(ProjectConfigurationPlatforms) = postSolution
		{F4E46962-CA9E-445C-9500-03414F0EB446}.Debug|Any CPU.ActiveCfg = Debug|Any CPU
		{F4E46962-CA9E-445C-9500-03414F0EB446}.Debug|Any CPU.Build.0 = Debug|Any CPU
		{F4E46962-CA9E-445C-9500-03414F0EB446}.Release|Any CPU.ActiveCfg = Release|Any CPU
		{F4E46962-CA9E-445C-9500-03414F0EB446}.Release|Any CPU.Build.0 = Release|Any CPU
	EndGlobalSection
	GlobalSection(SolutionProperties) = preSolution
		HideSolutionNode = FALSE
	EndGlobalSection
	GlobalSection(ExtensibilityGlobals) = postSolution
		SolutionGuid = {D62BC969-8B35-4CE8-9375-83833EEA5497}
	EndGlobalSection
EndGlobal
